
Microsoft Visual Studio Solution File, Format Version 12.00
# Visual Studio Version 17
VisualStudioVersion = 17.14.36221.1
MinimumVisualStudioVersion = 10.0.40219.1
Project("{FAE04EC0-301F-11D3-BF4B-00C04F79EFBC}") = "TripManagementDAL", "backend\TripManagement.DAL\TripManagementDAL.csproj", "{1D8D42DC-9E78-F915-E6D2-FD2039AF77F2}"
EndProject
Project("{2150E333-8FDC-42A3-9474-1A3956D46DE8}") = "Solution Items", "Solution Items", "{8EC462FD-D22E-90A8-E5CE-7E832BA40C5D}"
EndProject
Project("{FAE04EC0-301F-11D3-BF4B-00C04F79EFBC}") = "TripManagementBL", "backend\TripManagementBL\TripManagementBL.csproj", "{589AABF7-D842-1B0A-57E6-8252C0BA2E5B}"
EndProject
Project("{FAE04EC0-301F-11D3-BF4B-00C04F79EFBC}") = "TripManagementAPI", "backend\AnnualTripSystem\TripManagementAPI.csproj", "{64B9899B-3738-D8CF-4257-20D5C36570D9}"
EndProject
Project("{FAE04EC0-301F-11D3-BF4B-00C04F79EFBC}") = "LocationSimulator", "LocationSimulator\LocationSimulator.csproj", "{F96CFAAC-12D6-47AA-AF00-A1F350360D6E}"
EndProject
Global
	GlobalSection(SolutionConfigurationPlatforms) = preSolution
		Debug|Any CPU = Debug|Any CPU
		Release|Any CPU = Release|Any CPU
	EndGlobalSection
	GlobalSection(ProjectConfigurationPlatforms) = postSolution
		{1D8D42DC-9E78-F915-E6D2-FD2039AF77F2}.Debug|Any CPU.ActiveCfg = Debug|Any CPU
		{1D8D42DC-9E78-F915-E6D2-FD2039AF77F2}.Debug|Any CPU.Build.0 = Debug|Any CPU
		{1D8D42DC-9E78-F915-E6D2-FD2039AF77F2}.Release|Any CPU.ActiveCfg = Release|Any CPU
		{1D8D42DC-9E78-F915-E6D2-FD2039AF77F2}.Release|Any CPU.Build.0 = Release|Any CPU
		{589AABF7-D842-1B0A-57E6-8252C0BA2E5B}.Debug|Any CPU.ActiveCfg = Debug|Any CPU
		{589AABF7-D842-1B0A-57E6-8252C0BA2E5B}.Debug|Any CPU.Build.0 = Debug|Any CPU
		{589AABF7-D842-1B0A-57E6-8252C0BA2E5B}.Release|Any CPU.ActiveCfg = Release|Any CPU
		{589AABF7-D842-1B0A-57E6-8252C0BA2E5B}.Release|Any CPU.Build.0 = Release|Any CPU
		{64B9899B-3738-D8CF-4257-20D5C36570D9}.Debug|Any CPU.ActiveCfg = Debug|Any CPU
		{64B9899B-3738-D8CF-4257-20D5C36570D9}.Debug|Any CPU.Build.0 = Debug|Any CPU
		{64B9899B-3738-D8CF-4257-20D5C36570D9}.Release|Any CPU.ActiveCfg = Release|Any CPU
		{64B9899B-3738-D8CF-4257-20D5C36570D9}.Release|Any CPU.Build.0 = Release|Any CPU
		{F96CFAAC-12D6-47AA-AF00-A1F350360D6E}.Debug|Any CPU.ActiveCfg = Debug|Any CPU
		{F96CFAAC-12D6-47AA-AF00-A1F350360D6E}.Debug|Any CPU.Build.0 = Debug|Any CPU
		{F96CFAAC-12D6-47AA-AF00-A1F350360D6E}.Release|Any CPU.ActiveCfg = Release|Any CPU
		{F96CFAAC-12D6-47AA-AF00-A1F350360D6E}.Release|Any CPU.Build.0 = Release|Any CPU
	EndGlobalSection
	GlobalSection(SolutionProperties) = preSolution
		HideSolutionNode = FALSE
	EndGlobalSection
	GlobalSection(ExtensibilityGlobals) = postSolution
		SolutionGuid = {63EF17B2-3581-4EBF-A943-14EBFD012ACD}
	EndGlobalSection
EndGlobal
